
Microsoft Visual Studio Solution File, Format Version 12.00
# Visual Studio Version 18
VisualStudioVersion = 18.0.11222.15
MinimumVisualStudioVersion = 10.0.40219.1
Project("{FAE04EC0-301F-11D3-BF4B-00C04F79EFBC}") = "University Self Service System - Backend", "University Self Service System - Backend\University Self Service System - Backend.csproj", "{407CDF57-D13E-467B-9D02-A26A6C4DDA07}"
EndProject
Project("{54A90642-561A-4BB1-A94E-469ADEE60C69}") = "university-self-service-system-frontend", "university-self-service-system-frontend\university-self-service-system-frontend.esproj", "{B5A0D176-05A5-50F0-AB11-9FDB06C103BD}"
EndProject
Global
	GlobalSection(SolutionConfigurationPlatforms) = preSolution
		Debug|Any CPU = Debug|Any CPU
		Release|Any CPU = Release|Any CPU
	EndGlobalSection
	GlobalSection(ProjectConfigurationPlatforms) = postSolution
		{407CDF57-D13E-467B-9D02-A26A6C4DDA07}.Debug|Any CPU.ActiveCfg = Debug|Any CPU
		{407CDF57-D13E-467B-9D02-A26A6C4DDA07}.Debug|Any CPU.Build.0 = Debug|Any CPU
		{407CDF57-D13E-467B-9D02-A26A6C4DDA07}.Release|Any CPU.ActiveCfg = Release|Any CPU
		{407CDF57-D13E-467B-9D02-A26A6C4DDA07}.Release|Any CPU.Build.0 = Release|Any CPU
		{B5A0D176-05A5-50F0-AB11-9FDB06C103BD}.Debug|Any CPU.ActiveCfg = Debug|Any CPU
		{B5A0D176-05A5-50F0-AB11-9FDB06C103BD}.Debug|Any CPU.Build.0 = Debug|Any CPU
		{B5A0D176-05A5-50F0-AB11-9FDB06C103BD}.Debug|Any CPU.Deploy.0 = Debug|Any CPU
		{B5A0D176-05A5-50F0-AB11-9FDB06C103BD}.Release|Any CPU.ActiveCfg = Release|Any CPU
		{B5A0D176-05A5-50F0-AB11-9FDB06C103BD}.Release|Any CPU.Build.0 = Release|Any CPU
		{B5A0D176-05A5-50F0-AB11-9FDB06C103BD}.Release|Any CPU.Deploy.0 = Release|Any CPU
	EndGlobalSection
	GlobalSection(SolutionProperties) = preSolution
		HideSolutionNode = FALSE
	EndGlobalSection
	GlobalSection(ExtensibilityGlobals) = postSolution
		SolutionGuid = {6DA1796C-C71E-422E-8105-765B03D00668}
	EndGlobalSection
EndGlobal
